{
  "name": "solitaire",
  "version": "0.0.0",
  "lockfileVersion": 1,
  "dependencies": {
    "karma-teamcity-reporter": {
      "version": "1.0.0",
      "resolved": "https://registry.npmjs.org/karma-teamcity-reporter/-/karma-teamcity-reporter-1.0.0.tgz",
      "integrity": "sha1-0zwSF3U8FBiX9kVg8l8PN76QUjM=",
      "dev": true
    }
  }
}
